dependencies:
- name: prometheus
  repository: https://prometheus-community.github.io/helm-charts
  version: 29.33.0
- name: grafana
  repository: https://grafana.github.io/helm-charts
  version: 10.5.15
- name: dex
  repository: https://charts.dexidp.io
  version: 0.25.2
digest: sha256:f588cb56c882b53d192ba73fc725ac3d415f9723e7a5a3491a691a6028cbfce2
generated: "2026-09-30T21:36:56.524404473+03:00"
